
Microsoft Visual Studio Solution File, Format Version 12.00
# Visual Studio Version 16
VisualStudioVersion = 16.0.29806.167
MinimumVisualStudioVersion = 10.0.40219.1
Project("{9A19103F-16F7-4668-BE54-9A1E7A4F7556}") = "BOG.SwissArmyKnife", "BOG.SwissArmyKnife\BOG.SwissArmyKnife.csproj", "{CE1895BD-8C11-424D-8473-F93D480E565B}"
EndProject
Project("{2150E333-8FDC-42A3-9474-1A3956D46DE8}") = "Docs", "Docs", "{EC2DE739-296F-4026-BF7C-0015F8D06EC5}"
	ProjectSection(SolutionItems) = preProject
		Docs\README.txt = Docs\README.txt
	EndProjectSection
EndProject
Project("{2150E333-8FDC-42A3-9474-1A3956D46DE8}") = "Solution Items", "Solution Items", "{DE59B2B4-4377-4809-9E07-771EEE4D4F27}"
	ProjectSection(SolutionItems) = preProject
		.gitattributes = .gitattributes
		.gitignore = .gitignore
		..\.travis.yml = ..\.travis.yml
		..\deploy.sh = ..\deploy.sh
		..\LICENSE = ..\LICENSE
		..\README.md = ..\README.md
	EndProjectSection
EndProject
Project("{9A19103F-16F7-4668-BE54-9A1E7A4F7556}") = "BOG.SwissArmyKnife.Test", "BOG.SwissArmyKnife.Test\BOG.SwissArmyKnife.Test.csproj", "{22A7EDDE-C7AE-4236-A203-B36CE25E58B3}"
EndProject
Project("{9A19103F-16F7-4668-BE54-9A1E7A4F7556}") = "BOG.SwissArmyKnife.Demo", "BOG.SwissArmyKnife.Demo\BOG.SwissArmyKnife.Demo.csproj", "{0EF4F680-88D8-43E7-9325-6801B6F7CBD3}"
EndProject
Project("{2150E333-8FDC-42A3-9474-1A3956D46DE8}") = "Assets", "Assets", "{8435FD01-538E-40EF-9CD5-3A9A8FA233F1}"
	ProjectSection(SolutionItems) = preProject
		Assets\multitool.ico = Assets\multitool.ico
		Assets\multitool.png = Assets\multitool.png
	EndProjectSection
EndProject
Global
	GlobalSection(SolutionConfigurationPlatforms) = preSolution
		Debug|Any CPU = Debug|Any CPU
		Release|Any CPU = Release|Any CPU
	EndGlobalSection
	GlobalSection(ProjectConfigurationPlatforms) = postSolution
		{CE1895BD-8C11-424D-8473-F93D480E565B}.Debug|Any CPU.ActiveCfg = Debug|Any CPU
		{CE1895BD-8C11-424D-8473-F93D480E565B}.Debug|Any CPU.Build.0 = Debug|Any CPU
		{CE1895BD-8C11-424D-8473-F93D480E565B}.Release|Any CPU.ActiveCfg = Release|Any CPU
		{CE1895BD-8C11-424D-8473-F93D480E565B}.Release|Any CPU.Build.0 = Release|Any CPU
		{22A7EDDE-C7AE-4236-A203-B36CE25E58B3}.Debug|Any CPU.ActiveCfg = Debug|Any CPU
		{22A7EDDE-C7AE-4236-A203-B36CE25E58B3}.Debug|Any CPU.Build.0 = Debug|Any CPU
		{22A7EDDE-C7AE-4236-A203-B36CE25E58B3}.Release|Any CPU.ActiveCfg = Release|Any CPU
		{22A7EDDE-C7AE-4236-A203-B36CE25E58B3}.Release|Any CPU.Build.0 = Release|Any CPU
		{0EF4F680-88D8-43E7-9325-6801B6F7CBD3}.Debug|Any CPU.ActiveCfg = Debug|Any CPU
		{0EF4F680-88D8-43E7-9325-6801B6F7CBD3}.Debug|Any CPU.Build.0 = Debug|Any CPU
		{0EF4F680-88D8-43E7-9325-6801B6F7CBD3}.Release|Any CPU.ActiveCfg = Release|Any CPU
		{0EF4F680-88D8-43E7-9325-6801B6F7CBD3}.Release|Any CPU.Build.0 = Release|Any CPU
	EndGlobalSection
	GlobalSection(SolutionProperties) = preSolution
		HideSolutionNode = FALSE
	EndGlobalSection
	GlobalSection(ExtensibilityGlobals) = postSolution
		SolutionGuid = {78A256A6-DC06-4C43-8E75-BEAC6E223F63}
	EndGlobalSection
EndGlobal
